Microsoft Visual Studio Solution File, Format Version 12.00
# Visual Studio 2012
Project("{FAE04EC0-301F-11D3-BF4B-00C04F79EFBC}") = "walking_sim", "walking_sim.csproj", "{DED5F51B-58F7-45A5-BADC-B3A14D4FE8FE}"
EndProject
Global
	GlobalSection(SolutionConfigurationPlatforms) = preSolution
	Debug|Any CPU = Debug|Any CPU
	ExportDebug|Any CPU = ExportDebug|Any CPU
	ExportRelease|Any CPU = ExportRelease|Any CPU
	EndGlobalSection
	GlobalSection(ProjectConfigurationPlatforms) = postSolution
		{DED5F51B-58F7-45A5-BADC-B3A14D4FE8FE}.Debug|Any CPU.ActiveCfg = Debug|Any CPU
		{DED5F51B-58F7-45A5-BADC-B3A14D4FE8FE}.Debug|Any CPU.Build.0 = Debug|Any CPU
		{DED5F51B-58F7-45A5-BADC-B3A14D4FE8FE}.ExportDebug|Any CPU.ActiveCfg = ExportDebug|Any CPU
		{DED5F51B-58F7-45A5-BADC-B3A14D4FE8FE}.ExportDebug|Any CPU.Build.0 = ExportDebug|Any CPU
		{DED5F51B-58F7-45A5-BADC-B3A14D4FE8FE}.ExportRelease|Any CPU.ActiveCfg = ExportRelease|Any CPU
		{DED5F51B-58F7-45A5-BADC-B3A14D4FE8FE}.ExportRelease|Any CPU.Build.0 = ExportRelease|Any CPU
	EndGlobalSection
EndGlobal
